
Microsoft Visual Studio Solution File, Format Version 12.00
# Visual Studio Version 17
VisualStudioVersion = 17.1.32407.343
MinimumVisualStudioVersion = 10.0.40219.1
Project("{FAE04EC0-301F-11D3-BF4B-00C04F79EFBC}") = "ProjEncapsulamento", "ProjEncapsulamento\ProjEncapsulamento.csproj", "{BCB47D87-08D2-4EB9-BEDA-F28ACF47B6CE}"
EndProject
Global
	GlobalSection(SolutionConfigurationPlatforms) = preSolution
		Debug|Any CPU = Debug|Any CPU
		Release|Any CPU = Release|Any CPU
	EndGlobalSection
	GlobalSection(ProjectConfigurationPlatforms) = postSolution
		{BCB47D87-08D2-4EB9-BEDA-F28ACF47B6CE}.Debug|Any CPU.ActiveCfg = Debug|Any CPU
		{BCB47D87-08D2-4EB9-BEDA-F28ACF47B6CE}.Debug|Any CPU.Build.0 = Debug|Any CPU
		{BCB47D87-08D2-4EB9-BEDA-F28ACF47B6CE}.Release|Any CPU.ActiveCfg = Release|Any CPU
		{BCB47D87-08D2-4EB9-BEDA-F28ACF47B6CE}.Release|Any CPU.Build.0 = Release|Any CPU
	EndGlobalSection
	GlobalSection(SolutionProperties) = preSolution
		HideSolutionNode = FALSE
	EndGlobalSection
	GlobalSection(ExtensibilityGlobals) = postSolution
		SolutionGuid = {433251E6-F228-47D5-A02B-FE0F9330F8E9}
	EndGlobalSection
EndGlobal
